// !$*UTF8*$!
{
	archiveVersion = 1;
	classes = {
	};
	objectVersion = 56;
	objects = {

/* Begin PBXBuildFile section */
		4DB982CC2B29CF4600E07D3A /* timerView.swift in Sources */ = {isa = PBXBuildFile; fileRef = 4DB982CB2B29CF4600E07D3A /* timerView.swift */; };
		4DE756AA2B1F38E300F6E641 /* ContentView.swift in Sources */ = {isa = PBXBuildFile; fileRef = 4DE756A92B1F38E300F6E641 /* ContentView.swift */; };
		4DE756AC2B1F38E400F6E641 /* Assets.xcassets in Resources */ = {isa = PBXBuildFile; fileRef = 4DE756AB2B1F38E400F6E641 /* Assets.xcassets */; };
		4DE756AF2B1F38E400F6E641 /* Preview Assets.xcassets in Resources */ = {isa = PBXBuildFile; fileRef = 4DE756AE2B1F38E400F6E641 /* Preview Assets.xcassets */; };
		4DE756B62B207C2C00F6E641 /* AppState.swift in Sources */ = {isa = PBXBuildFile; fileRef = 4DE756B52B207C2C00F6E641 /* AppState.swift */; };
		4DE756B82B207D3900F6E641 /* PomoFocus.swift in Sources */ = {isa = PBXBuildFile; fileRef = 4DE756B72B207D3900F6E641 /* PomoFocus.swift */; };
		7A5082A72B2B0F6100A30748 /* bensound-lostinthehaze.mp3 in Resources */ = {isa = PBXBuildFile; fileRef = 7A5082A62B2B0F6100A30748 /* bensound-lostinthehaze.mp3 */; };
		7A5082AA2B2B100800A30748 /* bensound-boundlessspace.mp3 in Resources */ = {isa = PBXBuildFile; fileRef = 7A5082A92B2B100700A30748 /* bensound-boundlessspace.mp3 */; };
		7A5082AD2B2C746800A30748 /* ScheduleView.swift in Sources */ = {isa = PBXBuildFile; fileRef = 7A5082AC2B2C746800A30748 /* ScheduleView.swift */; };
		7A5082AF2B2C74FC00A30748 /* OnboardingView.swift in Sources */ = {isa = PBXBuildFile; fileRef = 7A5082AE2B2C74FC00A30748 /* OnboardingView.swift */; };
		7A5082B12B2C755B00A30748 /* TimerOnboardingView.swift in Sources */ = {isa = PBXBuildFile; fileRef = 7A5082B02B2C755B00A30748 /* TimerOnboardingView.swift */; };
		7A5082B32B2C75C400A30748 /* MusicView.swift in Sources */ = {isa = PBXBuildFile; fileRef = 7A5082B22B2C75C400A30748 /* MusicView.swift */; };
		7A5082B52B2F606500A30748 /* bensound-thecalling.mp3 in Resources */ = {isa = PBXBuildFile; fileRef = 7A5082B42B2F606500A30748 /* bensound-thecalling.mp3 */; };
		7A5082B72B2F61DF00A30748 /* bensound-immensevoid.mp3 in Resources */ = {isa = PBXBuildFile; fileRef = 7A5082B62B2F61DF00A30748 /* bensound-immensevoid.mp3 */; };
		7AB9E46E2B248C82001A0986 /* MusicKit.framework in Frameworks */ = {isa = PBXBuildFile; fileRef = 7AB9E4692B248C5B001A0986 /* MusicKit.framework */; };
		7AB9E47A2B24C6CE001A0986 /* homestuck.mp3 in Resources */ = {isa = PBXBuildFile; fileRef = 7AB9E4792B24C6CE001A0986 /* homestuck.mp3 */; };
		7AB9E47C2B24C790001A0986 /* SoundMusic.swift in Sources */ = {isa = PBXBuildFile; fileRef = 7AB9E47B2B24C790001A0986 /* SoundMusic.swift */; };
		7AF2AA592B2778D600C10C11 /* MaxiPlayerView.swift in Sources */ = {isa = PBXBuildFile; fileRef = 7AF2AA582B2778D600C10C11 /* MaxiPlayerView.swift */; };
/* End PBXBuildFile section */

/* Begin PBXFileReference section */
		4DB982CB2B29CF4600E07D3A /* timerView.swift */ = {isa = PBXFileReference; lastKnownFileType = sourcecode.swift; path = timerView.swift; sourceTree = "<group>"; };
		4DE756A42B1F38E300F6E641 /* PomoFocus.app */ = {isa = PBXFileReference; explicitFileType = wrapper.application; includeInIndex = 0; path = PomoFocus.app; sourceTree = BUILT_PRODUCTS_DIR; };
		4DE756A92B1F38E300F6E641 /* ContentView.swift */ = {isa = PBXFileReference; lastKnownFileType = sourcecode.swift; path = ContentView.swift; sourceTree = "<group>"; };
		4DE756AB2B1F38E400F6E641 /* Assets.xcassets */ = {isa = PBXFileReference; lastKnownFileType = folder.assetcatalog; path = Assets.xcassets; sourceTree = "<group>"; };
		4DE756AE2B1F38E400F6E641 /* Preview Assets.xcassets */ = {isa = PBXFileReference; lastKnownFileType = folder.assetcatalog; path = "Preview Assets.xcassets"; sourceTree = "<group>"; };
		4DE756B52B207C2C00F6E641 /* AppState.swift */ = {isa = PBXFileReference; lastKnownFileType = sourcecode.swift; path = AppState.swift; sourceTree = "<group>"; };
		4DE756B72B207D3900F6E641 /* PomoFocus.swift */ = {isa = PBXFileReference; lastKnownFileType = sourcecode.swift; path = PomoFocus.swift; sourceTree = "<group>"; };
		7A5082A62B2B0F6100A30748 /* bensound-lostinthehaze.mp3 */ = {isa = PBXFileReference; lastKnownFileType = audio.mp3; path = "bensound-lostinthehaze.mp3"; sourceTree = "<group>"; };
		7A5082A92B2B100700A30748 /* bensound-boundlessspace.mp3 */ = {isa = PBXFileReference; lastKnownFileType = audio.mp3; path = "bensound-boundlessspace.mp3"; sourceTree = "<group>"; };
		7A5082AC2B2C746800A30748 /* ScheduleView.swift */ = {isa = PBXFileReference; lastKnownFileType = sourcecode.swift; path = ScheduleView.swift; sourceTree = "<group>"; };
		7A5082AE2B2C74FC00A30748 /* OnboardingView.swift */ = {isa = PBXFileReference; lastKnownFileType = sourcecode.swift; path = OnboardingView.swift; sourceTree = "<group>"; };
		7A5082B02B2C755B00A30748 /* TimerOnboardingView.swift */ = {isa = PBXFileReference; lastKnownFileType = sourcecode.swift; path = TimerOnboardingView.swift; sourceTree = "<group>"; };
		7A5082B22B2C75C400A30748 /* MusicView.swift */ = {isa = PBXFileReference; lastKnownFileType = sourcecode.swift; path = MusicView.swift; sourceTree = "<group>"; };
		7A5082B42B2F606500A30748 /* bensound-thecalling.mp3 */ = {isa = PBXFileReference; lastKnownFileType = audio.mp3; path = "bensound-thecalling.mp3"; sourceTree = "<group>"; };
		7A5082B62B2F61DF00A30748 /* bensound-immensevoid.mp3 */ = {isa = PBXFileReference; lastKnownFileType = audio.mp3; path = "bensound-immensevoid.mp3"; sourceTree = "<group>"; };
		7AB9E4692B248C5B001A0986 /* MusicKit.framework */ = {isa = PBXFileReference; lastKnownFileType = wrapper.framework; name = MusicKit.framework; path = System/Library/Frameworks/MusicKit.framework; sourceTree = SDKROOT; };
		7AB9E4792B24C6CE001A0986 /* homestuck.mp3 */ = {isa = PBXFileReference; lastKnownFileType = audio.mp3; path = homestuck.mp3; sourceTree = "<group>"; };
		7AB9E47B2B24C790001A0986 /* SoundMusic.swift */ = {isa = PBXFileReference; lastKnownFileType = sourcecode.swift; path = SoundMusic.swift; sourceTree = "<group>"; };
		7AF2AA582B2778D600C10C11 /* MaxiPlayerView.swift */ = {isa = PBXFileReference; lastKnownFileType = sourcecode.swift; path = MaxiPlayerView.swift; sourceTree = "<group>"; };
		7AF2AA682B29D98C00C10C11 /* Info.plist */ = {isa = PBXFileReference; lastKnownFileType = text.plist.xml; path = Info.plist; sourceTree = "<group>"; };
/* End PBXFileReference section */

/* Begin PBXFrameworksBuildPhase section */
		4DE756A12B1F38E300F6E641 /* Frameworks */ = {
			isa = PBXFrameworksBuildPhase;
			buildActionMask = 2147483647;
			files = (
				7AB9E46E2B248C82001A0986 /* MusicKit.framework in Frameworks */,
			);
			runOnlyForDeploymentPostprocessing = 0;
		};
/* End PBXFrameworksBuildPhase section */

/* Begin PBXGroup section */
		4DE7569B2B1F38E300F6E641 = {
			isa = PBXGroup;
			children = (
				7A5082A82B2B0F7A00A30748 /* Musics */,
				7AB9E47B2B24C790001A0986 /* SoundMusic.swift */,
				7A5082AB2B2C743F00A30748 /* OnBoarding */,
				7AB9E4472B1F3FE7001A0986 /* ViewModel */,
				4DE756A62B1F38E300F6E641 /* PomoFocus */,
				4DE756A52B1F38E300F6E641 /* Products */,
				7AB9E4682B248C5B001A0986 /* Frameworks */,
			);
			sourceTree = "<group>";
		};
		4DE756A52B1F38E300F6E641 /* Products */ = {
			isa = PBXGroup;
			children = (
				4DE756A42B1F38E300F6E641 /* PomoFocus.app */,
			);
			name = Products;
			sourceTree = "<group>";
		};
		4DE756A62B1F38E300F6E641 /* PomoFocus */ = {
			isa = PBXGroup;
			children = (
				7AF2AA682B29D98C00C10C11 /* Info.plist */,
				4DE756A92B1F38E300F6E641 /* ContentView.swift */,
				4DE756B52B207C2C00F6E641 /* AppState.swift */,
				4DB982CB2B29CF4600E07D3A /* timerView.swift */,
				4DE756AB2B1F38E400F6E641 /* Assets.xcassets */,
				4DE756AD2B1F38E400F6E641 /* Preview Content */,
			);
			path = PomoFocus;
			sourceTree = "<group>";
		};
		4DE756AD2B1F38E400F6E641 /* Preview Content */ = {
			isa = PBXGroup;
			children = (
				4DE756AE2B1F38E400F6E641 /* Preview Assets.xcassets */,
			);
			path = "Preview Content";
			sourceTree = "<group>";
		};
		7A5082A82B2B0F7A00A30748 /* Musics */ = {
			isa = PBXGroup;
			children = (
				7A5082B62B2F61DF00A30748 /* bensound-immensevoid.mp3 */,
				7A5082B42B2F606500A30748 /* bensound-thecalling.mp3 */,
				7AB9E4792B24C6CE001A0986 /* homestuck.mp3 */,
				7A5082A92B2B100700A30748 /* bensound-boundlessspace.mp3 */,
				7A5082A62B2B0F6100A30748 /* bensound-lostinthehaze.mp3 */,
			);
			path = Musics;
			sourceTree = "<group>";
		};
		7A5082AB2B2C743F00A30748 /* OnBoarding */ = {
			isa = PBXGroup;
			children = (
				7A5082AC2B2C746800A30748 /* ScheduleView.swift */,
				7A5082AE2B2C74FC00A30748 /* OnboardingView.swift */,
				7A5082B02B2C755B00A30748 /* TimerOnboardingView.swift */,
				7A5082B22B2C75C400A30748 /* MusicView.swift */,
			);
			path = OnBoarding;
			sourceTree = "<group>";
		};
		7AB9E4472B1F3FE7001A0986 /* ViewModel */ = {
			isa = PBXGroup;
			children = (
				4DE756B72B207D3900F6E641 /* PomoFocus.swift */,
				7AF2AA582B2778D600C10C11 /* MaxiPlayerView.swift */,
			);
			path = ViewModel;
			sourceTree = "<group>";
		};
		7AB9E4682B248C5B001A0986 /* Frameworks */ = {
			isa = PBXGroup;
			children = (
				7AB9E4692B248C5B001A0986 /* MusicKit.framework */,
			);
			name = Frameworks;
			sourceTree = "<group>";
		};
/* End PBXGroup section */

/* Begin PBXNativeTarget section */
		4DE756A32B1F38E300F6E641 /* PomoFocus */ = {
			isa = PBXNativeTarget;
			buildConfigurationList = 4DE756B22B1F38E400F6E641 /* Build configuration list for PBXNativeTarget "PomoFocus" */;
			buildPhases = (
				4DE756A02B1F38E300F6E641 /* Sources */,
				4DE756A12B1F38E300F6E641 /* Frameworks */,
				4DE756A22B1F38E300F6E641 /* Resources */,
			);
			buildRules = (
			);
			dependencies = (
			);
			name = PomoFocus;
			productName = PomoFocus;
			productReference = 4DE756A42B1F38E300F6E641 /* PomoFocus.app */;
			productType = "com.apple.product-type.application";
		};
/* End PBXNativeTarget section */

/* Begin PBXProject section */
		4DE7569C2B1F38E300F6E641 /* Project object */ = {
			isa = PBXProject;
			attributes = {
				BuildIndependentTargetsInParallel = 1;
				LastSwiftUpdateCheck = 1500;
				LastUpgradeCheck = 1500;
				TargetAttributes = {
					4DE756A32B1F38E300F6E641 = {
						CreatedOnToolsVersion = 15.0.1;
					};
				};
			};
			buildConfigurationList = 4DE7569F2B1F38E300F6E641 /* Build configuration list for PBXProject "PomoFocus" */;
			compatibilityVersion = "Xcode 14.0";
			developmentRegion = en;
			hasScannedForEncodings = 0;
			knownRegions = (
				en,
				Base,
			);
			mainGroup = 4DE7569B2B1F38E300F6E641;
			productRefGroup = 4DE756A52B1F38E300F6E641 /* Products */;
			projectDirPath = "";
			projectRoot = "";
			targets = (
				4DE756A32B1F38E300F6E641 /* PomoFocus */,
			);
		};
/* End PBXProject section */

/* Begin PBXResourcesBuildPhase section */
		4DE756A22B1F38E300F6E641 /* Resources */ = {
			isa = PBXResourcesBuildPhase;
			buildActionMask = 2147483647;
			files = (
				4DE756AF2B1F38E400F6E641 /* Preview Assets.xcassets in Resources */,
				7A5082A72B2B0F6100A30748 /* bensound-lostinthehaze.mp3 in Resources */,
				4DE756AC2B1F38E400F6E641 /* Assets.xcassets in Resources */,
				7A5082B52B2F606500A30748 /* bensound-thecalling.mp3 in Resources */,
				7A5082AA2B2B100800A30748 /* bensound-boundlessspace.mp3 in Resources */,
				7A5082B72B2F61DF00A30748 /* bensound-immensevoid.mp3 in Resources */,
				7AB9E47A2B24C6CE001A0986 /* homestuck.mp3 in Resources */,
			);
			runOnlyForDeploymentPostprocessing = 0;
		};
/* End PBXResourcesBuildPhase section */

/* Begin PBXSourcesBuildPhase section */
		4DE756A02B1F38E300F6E641 /* Sources */ = {
			isa = PBXSourcesBuildPhase;
			buildActionMask = 2147483647;
			files = (
				4DB982CC2B29CF4600E07D3A /* timerView.swift in Sources */,
				7A5082AD2B2C746800A30748 /* ScheduleView.swift in Sources */,
				7A5082B32B2C75C400A30748 /* MusicView.swift in Sources */,
				4DE756B82B207D3900F6E641 /* PomoFocus.swift in Sources */,
				4DE756AA2B1F38E300F6E641 /* ContentView.swift in Sources */,
				7A5082AF2B2C74FC00A30748 /* OnboardingView.swift in Sources */,
				7AF2AA592B2778D600C10C11 /* MaxiPlayerView.swift in Sources */,
				7A5082B12B2C755B00A30748 /* TimerOnboardingView.swift in Sources */,
				4DE756B62B207C2C00F6E641 /* AppState.swift in Sources */,
				7AB9E47C2B24C790001A0986 /* SoundMusic.swift in Sources */,
			);
			runOnlyForDeploymentPostprocessing = 0;
		};
/* End PBXSourcesBuildPhase section */

/* Begin XCBuildConfiguration section */
		4DE756B02B1F38E400F6E641 /* Debug */ = {
			isa = XCBuildConfiguration;
			buildSettings = {
				ALWAYS_SEARCH_USER_PATHS = NO;
				ASSETCATALOG_COMPILER_GENERATE_SWIFT_ASSET_SYMBOL_EXTENSIONS = YES;
				CLANG_ANALYZER_NONNULL = YES;
				CLANG_ANALYZER_NUMBER_OBJECT_CONVERSION = YES_AGGRESSIVE;
				CLANG_CXX_LANGUAGE_STANDARD = "gnu++20";
				CLANG_ENABLE_MODULES = YES;
				CLANG_ENABLE_OBJC_ARC = YES;
				CLANG_ENABLE_OBJC_WEAK = YES;
				CLANG_WARN_BLOCK_CAPTURE_AUTORELEASING = YES;
				CLANG_WARN_BOOL_CONVERSION = YES;
				CLANG_WARN_COMMA = YES;
				CLANG_WARN_CONSTANT_CONVERSION = YES;
				CLANG_WARN_DEPRECATED_OBJC_IMPLEMENTATIONS = YES;
				CLANG_WARN_DIRECT_OBJC_ISA_USAGE = YES_ERROR;
				CLANG_WARN_DOCUMENTATION_COMMENTS = YES;
				CLANG_WARN_EMPTY_BODY = YES;
				CLANG_WARN_ENUM_CONVERSION = YES;
				CLANG_WARN_INFINITE_RECURSION = YES;
				CLANG_WARN_INT_CONVERSION = YES;
				CLANG_WARN_NON_LITERAL_NULL_CONVERSION = YES;
				CLANG_WARN_OBJC_IMPLICIT_RETAIN_SELF = YES;
				CLANG_WARN_OBJC_LITERAL_CONVERSION = YES;
				CLANG_WARN_OBJC_ROOT_CLASS = YES_ERROR;
				CLANG_WARN_QUOTED_INCLUDE_IN_FRAMEWORK_HEADER = YES;
				CLANG_WARN_RANGE_LOOP_ANALYSIS = YES;
				CLANG_WARN_STRICT_PROTOTYPES = YES;
				CLANG_WARN_SUSPICIOUS_MOVE = YES;
				CLANG_WARN_UNGUARDED_AVAILABILITY = YES_AGGRESSIVE;
				CLANG_WARN_UNREACHABLE_CODE = YES;
				CLANG_WARN__DUPLICATE_METHOD_MATCH = YES;
				COPY_PHASE_STRIP = NO;
				DEBUG_INFORMATION_FORMAT = dwarf;
				ENABLE_STRICT_OBJC_MSGSEND = YES;
				ENABLE_TESTABILITY = YES;
				ENABLE_USER_SCRIPT_SANDBOXING = YES;
				GCC_C_LANGUAGE_STANDARD = gnu17;
				GCC_DYNAMIC_NO_PIC = NO;
				GCC_NO_COMMON_BLOCKS = YES;
				GCC_OPTIMIZATION_LEVEL = 0;
				GCC_PREPROCESSOR_DEFINITIONS = (
					"DEBUG=1",
					"$(inherited)",
				);
				GCC_WARN_64_TO_32_BIT_CONVERSION = YES;
				GCC_WARN_ABOUT_RETURN_TYPE = YES_ERROR;
				GCC_WARN_UNDECLARED_SELECTOR = YES;
				GCC_WARN_UNINITIALIZED_AUTOS = YES_AGGRESSIVE;
				GCC_WARN_UNUSED_FUNCTION = YES;
				GCC_WARN_UNUSED_VARIABLE = YES;
				IPHONEOS_DEPLOYMENT_TARGET = 17.0;
				LOCALIZATION_PREFERS_STRING_CATALOGS = YES;
				MTL_ENABLE_DEBUG_INFO = INCLUDE_SOURCE;
				MTL_FAST_MATH = YES;
				ONLY_ACTIVE_ARCH = YES;
				SDKROOT = iphoneos;
				SWIFT_ACTIVE_COMPILATION_CONDITIONS = "DEBUG $(inherited)";
				SWIFT_OPTIMIZATION_LEVEL = "-Onone";
			};
			name = Debug;
		};
		4DE756B12B1F38E400F6E641 /* Release */ = {
			isa = XCBuildConfiguration;
			buildSettings = {
				ALWAYS_SEARCH_USER_PATHS = NO;
				ASSETCATALOG_COMPILER_GENERATE_SWIFT_ASSET_SYMBOL_EXTENSIONS = YES;
				CLANG_ANALYZER_NONNULL = YES;
				CLANG_ANALYZER_NUMBER_OBJECT_CONVERSION = YES_AGGRESSIVE;
				CLANG_CXX_LANGUAGE_STANDARD = "gnu++20";
				CLANG_ENABLE_MODULES = YES;
				CLANG_ENABLE_OBJC_ARC = YES;
				CLANG_ENABLE_OBJC_WEAK = YES;
				CLANG_WARN_BLOCK_CAPTURE_AUTORELEASING = YES;
				CLANG_WARN_BOOL_CONVERSION = YES;
				CLANG_WARN_COMMA = YES;
				CLANG_WARN_CONSTANT_CONVERSION = YES;
				CLANG_WARN_DEPRECATED_OBJC_IMPLEMENTATIONS = YES;
				CLANG_WARN_DIRECT_OBJC_ISA_USAGE = YES_ERROR;
				CLANG_WARN_DOCUMENTATION_COMMENTS = YES;
				CLANG_WARN_EMPTY_BODY = YES;
				CLANG_WARN_ENUM_CONVERSION = YES;
				CLANG_WARN_INFINITE_RECURSION = YES;
				CLANG_WARN_INT_CONVERSION = YES;
				CLANG_WARN_NON_LITERAL_NULL_CONVERSION = YES;
				CLANG_WARN_OBJC_IMPLICIT_RETAIN_SELF = YES;
				CLANG_WARN_OBJC_LITERAL_CONVERSION = YES;
				CLANG_WARN_OBJC_ROOT_CLASS = YES_ERROR;
				CLANG_WARN_QUOTED_INCLUDE_IN_FRAMEWORK_HEADER = YES;
				CLANG_WARN_RANGE_LOOP_ANALYSIS = YES;
				CLANG_WARN_STRICT_PROTOTYPES = YES;
				CLANG_WARN_SUSPICIOUS_MOVE = YES;
				CLANG_WARN_UNGUARDED_AVAILABILITY = YES_AGGRESSIVE;
				CLANG_WARN_UNREACHABLE_CODE = YES;
				CLANG_WARN__DUPLICATE_METHOD_MATCH = YES;
				COPY_PHASE_STRIP = NO;
				DEBUG_INFORMATION_FORMAT = "dwarf-with-dsym";
				ENABLE_NS_ASSERTIONS = NO;
				ENABLE_STRICT_OBJC_MSGSEND = YES;
				ENABLE_USER_SCRIPT_SANDBOXING = YES;
				GCC_C_LANGUAGE_STANDARD = gnu17;
				GCC_NO_COMMON_BLOCKS = YES;
				GCC_WARN_64_TO_32_BIT_CONVERSION = YES;
				GCC_WARN_ABOUT_RETURN_TYPE = YES_ERROR;
				GCC_WARN_UNDECLARED_SELECTOR = YES;
				GCC_WARN_UNINITIALIZED_AUTOS = YES_AGGRESSIVE;
				GCC_WARN_UNUSED_FUNCTION = YES;
				GCC_WARN_UNUSED_VARIABLE = YES;
				IPHONEOS_DEPLOYMENT_TARGET = 17.0;
				LOCALIZATION_PREFERS_STRING_CATALOGS = YES;
				MTL_ENABLE_DEBUG_INFO = NO;
				MTL_FAST_MATH = YES;
				SDKROOT = iphoneos;
				SWIFT_COMPILATION_MODE = wholemodule;
				VALIDATE_PRODUCT = YES;
			};
			name = Release;
		};
		4DE756B32B1F38E400F6E641 /* Debug */ = {
			isa = XCBuildConfiguration;
			buildSettings = {
				ASSETCATALOG_COMPILER_APPICON_NAME = AppIcon;
				ASSETCATALOG_COMPILER_GLOBAL_ACCENT_COLOR_NAME = AccentColor;
				CODE_SIGN_STYLE = Automatic;
				CURRENT_PROJECT_VERSION = 1;
				DEVELOPMENT_ASSET_PATHS = "\"PomoFocus/Preview Content\"";
				DEVELOPMENT_TEAM = 7DCJG5672R;
				ENABLE_PREVIEWS = YES;
				GENERATE_INFOPLIST_FILE = YES;
				INFOPLIST_FILE = PomoFocus/Info.plist;
				INFOPLIST_KEY_UIApplicationSceneManifest_Generation = YES;
				INFOPLIST_KEY_UIApplicationSupportsIndirectInputEvents = YES;
				INFOPLIST_KEY_UILaunchScreen_Generation = YES;
				INFOPLIST_KEY_UISupportedInterfaceOrientations_iPad = "UIInterfaceOrientationPortrait UIInterfaceOrientationPortraitUpsideDown UIInterfaceOrientationLandscapeLeft UIInterfaceOrientationLandscapeRight";
				INFOPLIST_KEY_UISupportedInterfaceOrientations_iPhone = "UIInterfaceOrientationPortrait UIInterfaceOrientationLandscapeLeft UIInterfaceOrientationLandscapeRight";
				LD_RUNPATH_SEARCH_PATHS = (
					"$(inherited)",
					"@executable_path/Frameworks",
				);
				MARKETING_VERSION = 1.0;
				PRODUCT_BUNDLE_IDENTIFIER = RodolfoFalanga.PomoFocus;
				PRODUCT_NAME = "$(TARGET_NAME)";
				SWIFT_EMIT_LOC_STRINGS = YES;
				SWIFT_VERSION = 5.0;
				TARGETED_DEVICE_FAMILY = "1,2";
			};
			name = Debug;
		};
		4DE756B42B1F38E400F6E641 /* Release */ = {
			isa = XCBuildConfiguration;
			buildSettings = {
				ASSETCATALOG_COMPILER_APPICON_NAME = AppIcon;
				ASSETCATALOG_COMPILER_GLOBAL_ACCENT_COLOR_NAME = AccentColor;
				CODE_SIGN_STYLE = Automatic;
				CURRENT_PROJECT_VERSION = 1;
				DEVELOPMENT_ASSET_PATHS = "\"PomoFocus/Preview Content\"";
				DEVELOPMENT_TEAM = 7DCJG5672R;
				ENABLE_PREVIEWS = YES;
				GENERATE_INFOPLIST_FILE = YES;
				INFOPLIST_FILE = PomoFocus/Info.plist;
				INFOPLIST_KEY_UIApplicationSceneManifest_Generation = YES;
				INFOPLIST_KEY_UIApplicationSupportsIndirectInputEvents = YES;
				INFOPLIST_KEY_UILaunchScreen_Generation = YES;
				INFOPLIST_KEY_UISupportedInterfaceOrientations_iPad = "UIInterfaceOrientationPortrait UIInterfaceOrientationPortraitUpsideDown UIInterfaceOrientationLandscapeLeft UIInterfaceOrientationLandscapeRight";
				INFOPLIST_KEY_UISupportedInterfaceOrientations_iPhone = "UIInterfaceOrientationPortrait UIInterfaceOrientationLandscapeLeft UIInterfaceOrientationLandscapeRight";
				LD_RUNPATH_SEARCH_PATHS = (
					"$(inherited)",
					"@executable_path/Frameworks",
				);
				MARKETING_VERSION = 1.0;
				PRODUCT_BUNDLE_IDENTIFIER = RodolfoFalanga.PomoFocus;
				PRODUCT_NAME = "$(TARGET_NAME)";
				SWIFT_EMIT_LOC_STRINGS = YES;
				SWIFT_VERSION = 5.0;
				TARGETED_DEVICE_FAMILY = "1,2";
			};
			name = Release;
		};
/* End XCBuildConfiguration section */

/* Begin XCConfigurationList section */
		4DE7569F2B1F38E300F6E641 /* Build configuration list for PBXProject "PomoFocus" */ = {
			isa = XCConfigurationList;
			buildConfigurations = (
				4DE756B02B1F38E400F6E641 /* Debug */,
				4DE756B12B1F38E400F6E641 /* Release */,
			);
			defaultConfigurationIsVisible = 0;
			defaultConfigurationName = Release;
		};
		4DE756B22B1F38E400F6E641 /* Build configuration list for PBXNativeTarget "PomoFocus" */ = {
			isa = XCConfigurationList;
			buildConfigurations = (
				4DE756B32B1F38E400F6E641 /* Debug */,
				4DE756B42B1F38E400F6E641 /* Release */,
			);
			defaultConfigurationIsVisible = 0;
			defaultConfigurationName = Release;
		};
/* End XCConfigurationList section */
	};
	rootObject = 4DE7569C2B1F38E300F6E641 /* Project object */;
}
